
Microsoft Visual Studio Solution File, Format Version 12.00
# Visual Studio Version 16
VisualStudioVersion = 16.0.30330.147
MinimumVisualStudioVersion = 10.0.40219.1
Project("{FAE04EC0-301F-11D3-BF4B-00C04F79EFBC}") = "ForecastCostSheet", "ForecastCostSheet\ForecastCostSheet.csproj", "{C72F4A95-574F-4C9D-913E-BB298AFF34D8}"
EndProject
Global
	GlobalSection(SolutionConfigurationPlatforms) = preSolution
		Debug|Any CPU = Debug|Any CPU
		Release|Any CPU = Release|Any CPU
	EndGlobalSection
	GlobalSection(ProjectConfigurationPlatforms) = postSolution
		{C72F4A95-574F-4C9D-913E-BB298AFF34D8}.Debug|Any CPU.ActiveCfg = Debug|Any CPU
		{C72F4A95-574F-4C9D-913E-BB298AFF34D8}.Debug|Any CPU.Build.0 = Debug|Any CPU
		{C72F4A95-574F-4C9D-913E-BB298AFF34D8}.Release|Any CPU.ActiveCfg = Release|Any CPU
		{C72F4A95-574F-4C9D-913E-BB298AFF34D8}.Release|Any CPU.Build.0 = Release|Any CPU
	EndGlobalSection
	GlobalSection(SolutionProperties) = preSolution
		HideSolutionNode = FALSE
	EndGlobalSection
	GlobalSection(ExtensibilityGlobals) = postSolution
		SolutionGuid = {B4185593-0FA7-4564-9F5D-6CCC0DE0D277}
	EndGlobalSection
EndGlobal
